
Microsoft Visual Studio Solution File, Format Version 12.00
# Visual Studio 14
VisualStudioVersion = 14.0.24720.0
MinimumVisualStudioVersion = 10.0.40219.1
Project("{FAE04EC0-301F-11D3-BF4B-00C04F79EFBC}") = "ZipProject", "ZipProject\ZipProject.csproj", "{2D62960A-4B77-45B2-909F-529EF471330F}"
EndProject
Project("{FAE04EC0-301F-11D3-BF4B-00C04F79EFBC}") = "MyZip", "MyZip\MyZip.csproj", "{C160C11E-A8E9-4B36-936C-4721196304E9}"
EndProject
Global
	GlobalSection(SolutionConfigurationPlatforms) = preSolution
		Debug|Any CPU = Debug|Any CPU
		Release|Any CPU = Release|Any CPU
	EndGlobalSection
	GlobalSection(ProjectConfigurationPlatforms) = postSolution
		{2D62960A-4B77-45B2-909F-529EF471330F}.Debug|Any CPU.ActiveCfg = Debug|Any CPU
		{2D62960A-4B77-45B2-909F-529EF471330F}.Debug|Any CPU.Build.0 = Debug|Any CPU
		{2D62960A-4B77-45B2-909F-529EF471330F}.Release|Any CPU.ActiveCfg = Release|Any CPU
		{2D62960A-4B77-45B2-909F-529EF471330F}.Release|Any CPU.Build.0 = Release|Any CPU
		{C160C11E-A8E9-4B36-936C-4721196304E9}.Debug|Any CPU.ActiveCfg = Debug|Any CPU
		{C160C11E-A8E9-4B36-936C-4721196304E9}.Debug|Any CPU.Build.0 = Debug|Any CPU
		{C160C11E-A8E9-4B36-936C-4721196304E9}.Release|Any CPU.ActiveCfg = Release|Any CPU
		{C160C11E-A8E9-4B36-936C-4721196304E9}.Release|Any CPU.Build.0 = Release|Any CPU
	EndGlobalSection
	GlobalSection(SolutionProperties) = preSolution
		HideSolutionNode = FALSE
	EndGlobalSection
EndGlobal
